
Microsoft Visual Studio Solution File, Format Version 12.00
# Visual Studio 2015
Project("{FAE04EC0-301F-11D3-BF4B-00C04F79EFBC}") = "Torch Hallway", "Torch Hallway.csproj", "{7F3AF9E3-ED54-D509-09A1-16AE5ACCA356}"
EndProject
Project("{FAE04EC0-301F-11D3-BF4B-00C04F79EFBC}") = "Torch Hallway.Editor", "Torch Hallway.Editor.csproj", "{B5B7BBC5-BDAC-7D1A-1B11-97BBDD554F41}"
EndProject
Global
	GlobalSection(SolutionConfigurationPlatforms) = preSolution
		Debug|Any CPU = Debug|Any CPU
		Release|Any CPU = Release|Any CPU
	EndGlobalSection
	GlobalSection(ProjectConfigurationPlatforms) = postSolution
		{7F3AF9E3-ED54-D509-09A1-16AE5ACCA356}.Debug|Any CPU.ActiveCfg = Debug|Any CPU
		{7F3AF9E3-ED54-D509-09A1-16AE5ACCA356}.Debug|Any CPU.Build.0 = Debug|Any CPU
		{7F3AF9E3-ED54-D509-09A1-16AE5ACCA356}.Release|Any CPU.ActiveCfg = Release|Any CPU
		{7F3AF9E3-ED54-D509-09A1-16AE5ACCA356}.Release|Any CPU.Build.0 = Release|Any CPU
		{B5B7BBC5-BDAC-7D1A-1B11-97BBDD554F41}.Debug|Any CPU.ActiveCfg = Debug|Any CPU
		{B5B7BBC5-BDAC-7D1A-1B11-97BBDD554F41}.Debug|Any CPU.Build.0 = Debug|Any CPU
		{B5B7BBC5-BDAC-7D1A-1B11-97BBDD554F41}.Release|Any CPU.ActiveCfg = Release|Any CPU
		{B5B7BBC5-BDAC-7D1A-1B11-97BBDD554F41}.Release|Any CPU.Build.0 = Release|Any CPU
	EndGlobalSection
	GlobalSection(SolutionProperties) = preSolution
		HideSolutionNode = FALSE
	EndGlobalSection
EndGlobal
